<?xml version="1.0" encoding="utf-8"?>
<Project ToolsVersion="4.0" xmlns="http://schemas.microsoft.com/developer/msbuild/2003">
  <ItemGroup>
    <ClCompile Include="SourceFile.cpp" />
    <ClCompile Include="mochila.cpp">
      <Filter>mochila</Filter>
    </ClCompile>
    <ClCompile Include="Populacao.cpp">
      <Filter>GodController\Populacao</Filter>
    </ClCompile>
    <ClCompile Include="Individuo.cpp">
      <Filter>GodController\Populacao\Individuo</Filter>
    </ClCompile>
    <ClCompile Include="GodController.cpp">
      <Filter>GodController</Filter>
    </ClCompile>
    <ClCompile Include="Cromossomo.cpp">
      <Filter>GodController\Populacao\Individuo\Cromossomo</Filter>
    </ClCompile>
    <ClCompile Include="Itens.cpp">
      <Filter>Itens</Filter>
    </ClCompile>
    <ClCompile Include="Item.cpp">
      <Filter>Itens\Item</Filter>
    </ClCompile>
  </ItemGroup>
  <ItemGroup>
    <Filter Include="mochila">
      <UniqueIdentifier>{c8282beb-841a-44c7-afa3-745797a2517d}</UniqueIdentifier>
    </Filter>
    <Filter Include="tests">
      <UniqueIdentifier>{3043b635-6a5a-4390-bac7-676232cf2a0b}</UniqueIdentifier>
    </Filter>
    <Filter Include="Funcs">
      <UniqueIdentifier>{7e2ac669-a561-4ddc-9503-893f719d129d}</UniqueIdentifier>
    </Filter>
    <Filter Include="GodController">
      <UniqueIdentifier>{c902f09e-9225-43be-a75e-d917a01e354e}</UniqueIdentifier>
    </Filter>
    <Filter Include="GodController\Populacao">
      <UniqueIdentifier>{6fd4c2cc-4801-43a0-b542-441dc12b56ee}</UniqueIdentifier>
    </Filter>
    <Filter Include="GodController\Populacao\Individuo">
      <UniqueIdentifier>{98966d7a-6afe-4135-8b7b-a1b1b49d60d8}</UniqueIdentifier>
    </Filter>
    <Filter Include="GodController\Populacao\Individuo\Cromossomo">
      <UniqueIdentifier>{74b77f6a-fecc-4886-a231-8e675df29ab0}</UniqueIdentifier>
    </Filter>
    <Filter Include="Itens">
      <UniqueIdentifier>{7d500f73-44d3-4e58-9915-2fe87b0132b0}</UniqueIdentifier>
    </Filter>
    <Filter Include="Itens\Item">
      <UniqueIdentifier>{dddd0d35-efe0-491b-b00a-e2ecbf2e82d2}</UniqueIdentifier>
    </Filter>
  </ItemGroup>
  <ItemGroup>
    <ClInclude Include="mochila.h">
      <Filter>mochila</Filter>
    </ClInclude>
    <ClInclude Include="structs.h" />
    <ClInclude Include="GeradorPopulacaoFuncs.h">
      <Filter>Funcs</Filter>
    </ClInclude>
    <ClInclude Include="Helper.h">
      <Filter>Funcs</Filter>
    </ClInclude>
    <ClInclude Include="itemFuncs.h">
      <Filter>Funcs</Filter>
    </ClInclude>
    <ClInclude Include="Populacao.hpp">
      <Filter>GodController\Populacao</Filter>
    </ClInclude>
    <ClInclude Include="Individuo.hpp">
      <Filter>GodController\Populacao\Individuo</Filter>
    </ClInclude>
    <ClInclude Include="GodController.hpp">
      <Filter>GodController</Filter>
    </ClInclude>
    <ClInclude Include="Cromossomo.hpp">
      <Filter>GodController\Populacao\Individuo\Cromossomo</Filter>
    </ClInclude>
    <ClInclude Include="Itens.hpp">
      <Filter>Itens</Filter>
    </ClInclude>
    <ClInclude Include="resource.h" />
    <ClInclude Include="Item.hpp">
      <Filter>Itens\Item</Filter>
    </ClInclude>
  </ItemGroup>
  <ItemGroup>
    <None Include="test1">
      <Filter>tests</Filter>
    </None>
    <None Include="test2">
      <Filter>tests</Filter>
    </None>
    <None Include="test3">
      <Filter>tests</Filter>
    </None>
    <None Include="test4">
      <Filter>tests</Filter>
    </None>
    <None Include="test5">
      <Filter>tests</Filter>
    </None>
  </ItemGroup>
  <ItemGroup>
    <ResourceCompile Include="trab_ProgParalela.rc" />
  </ItemGroup>
</Project>